// !$*UTF8*$!
{
	archiveVersion = 1;
	classes = {
	};
	objectVersion = 51;
	objects = {

/* Begin PBXBuildFile section */
		0830AECE38B6E6861EC177E7 /* Pods_FlixterTests.framework in Frameworks */ = {isa = PBXBuildFile; fileRef = DE159EBAF557A6DD59D875BC /* Pods_FlixterTests.framework */; };
		59BE8C8EDA297648AF220E70 /* Pods_Flixter.framework in Frameworks */ = {isa = PBXBuildFile; fileRef = 598038AFCFDA79A516293A3C /* Pods_Flixter.framework */; };
		6E0A81D06CBB3F1E594AF725 /* Pods_Flixter_FlixterUITests.framework in Frameworks */ = {isa = PBXBuildFile; fileRef = 4E2CF2B43D37E9E0D6BA87A9 /* Pods_Flixter_FlixterUITests.framework */; };
		A7AC0ACF252E1E3C006487BD /* MovieDetailsViewController.swift in Sources */ = {isa = PBXBuildFile; fileRef = A7AC0ACE252E1E3C006487BD /* MovieDetailsViewController.swift */; };
		A7AC0AD4252EACD2006487BD /* MovieGridViewController.swift in Sources */ = {isa = PBXBuildFile; fileRef = A7AC0AD3252EACD2006487BD /* MovieGridViewController.swift */; };
		A7AC0AD9252EB19F006487BD /* MovieGridCell.swift in Sources */ = {isa = PBXBuildFile; fileRef = A7AC0AD8252EB19F006487BD /* MovieGridCell.swift */; };
		A7C9F8562523843900A19BD9 /* MoviesViewController.swift in Sources */ = {isa = PBXBuildFile; fileRef = A7C9F8552523843900A19BD9 /* MoviesViewController.swift */; };
		A7C9F85B2523923F00A19BD9 /* MovieCell.swift in Sources */ = {isa = PBXBuildFile; fileRef = A7C9F85A2523923F00A19BD9 /* MovieCell.swift */; };
		A7D758D82522A3E300B0AF1E /* AppDelegate.swift in Sources */ = {isa = PBXBuildFile; fileRef = A7D758D72522A3E300B0AF1E /* AppDelegate.swift */; };
		A7D758DA2522A3E300B0AF1E /* SceneDelegate.swift in Sources */ = {isa = PBXBuildFile; fileRef = A7D758D92522A3E300B0AF1E /* SceneDelegate.swift */; };
		A7D758DF2522A3E300B0AF1E /* Main.storyboard in Resources */ = {isa = PBXBuildFile; fileRef = A7D758DD2522A3E300B0AF1E /* Main.storyboard */; };
		A7D758E12522A3E700B0AF1E /* Assets.xcassets in Resources */ = {isa = PBXBuildFile; fileRef = A7D758E02522A3E700B0AF1E /* Assets.xcassets */; };
		A7D758E42522A3E700B0AF1E /* LaunchScreen.storyboard in Resources */ = {isa = PBXBuildFile; fileRef = A7D758E22522A3E700B0AF1E /* LaunchScreen.storyboard */; };
		A7D758EF2522A3E700B0AF1E /* FlixterTests.swift in Sources */ = {isa = PBXBuildFile; fileRef = A7D758EE2522A3E700B0AF1E /* FlixterTests.swift */; };
		A7D758FA2522A3E700B0AF1E /* FlixterUITests.swift in Sources */ = {isa = PBXBuildFile; fileRef = A7D758F92522A3E700B0AF1E /* FlixterUITests.swift */; };
/* End PBXBuildFile section */

/* Begin PBXContainerItemProxy section */
		A7D758EB2522A3E700B0AF1E /* PBXContainerItemProxy */ = {
			isa = PBXContainerItemProxy;
			containerPortal = A7D758CC2522A3E300B0AF1E /* Project object */;
			proxyType = 1;
			remoteGlobalIDString = A7D758D32522A3E300B0AF1E;
			remoteInfo = Flixter;
		};
		A7D758F62522A3E700B0AF1E /* PBXContainerItemProxy */ = {
			isa = PBXContainerItemProxy;
			containerPortal = A7D758CC2522A3E300B0AF1E /* Project object */;
			proxyType = 1;
			remoteGlobalIDString = A7D758D32522A3E300B0AF1E;
			remoteInfo = Flixter;
		};
/* End PBXContainerItemProxy section */

/* Begin PBXFileReference section */
		0865C76B798FC4006D6461BD /* Pods-FlixterTests.debug.xcconfig */ = {isa = PBXFileReference; includeInIndex = 1; lastKnownFileType = text.xcconfig; name = "Pods-FlixterTests.debug.xcconfig"; path = "Target Support Files/Pods-FlixterTests/Pods-FlixterTests.debug.xcconfig"; sourceTree = "<group>"; };
		0CF1529D845C205FEA150FA7 /* Pods-Flixter-FlixterUITests.debug.xcconfig */ = {isa = PBXFileReference; includeInIndex = 1; lastKnownFileType = text.xcconfig; name = "Pods-Flixter-FlixterUITests.debug.xcconfig"; path = "Target Support Files/Pods-Flixter-FlixterUITests/Pods-Flixter-FlixterUITests.debug.xcconfig"; sourceTree = "<group>"; };
		4E2CF2B43D37E9E0D6BA87A9 /* Pods_Flixter_FlixterUITests.framework */ = {isa = PBXFileReference; explicitFileType = wrapper.framework; includeInIndex = 0; path = Pods_Flixter_FlixterUITests.framework; sourceTree = BUILT_PRODUCTS_DIR; };
		598038AFCFDA79A516293A3C /* Pods_Flixter.framework */ = {isa = PBXFileReference; explicitFileType = wrapper.framework; includeInIndex = 0; path = Pods_Flixter.framework; sourceTree = BUILT_PRODUCTS_DIR; };
		89B26970C6B6DE89ECC6F51A /* Pods-FlixterTests.release.xcconfig */ = {isa = PBXFileReference; includeInIndex = 1; lastKnownFileType = text.xcconfig; name = "Pods-FlixterTests.release.xcconfig"; path = "Target Support Files/Pods-FlixterTests/Pods-FlixterTests.release.xcconfig"; sourceTree = "<group>"; };
		A7AC0ACE252E1E3C006487BD /* MovieDetailsViewController.swift */ = {isa = PBXFileReference; lastKnownFileType = sourcecode.swift; path = MovieDetailsViewController.swift; sourceTree = "<group>"; };
		A7AC0AD3252EACD2006487BD /* MovieGridViewController.swift */ = {isa = PBXFileReference; lastKnownFileType = sourcecode.swift; path = MovieGridViewController.swift; sourceTree = "<group>"; };
		A7AC0AD8252EB19F006487BD /* MovieGridCell.swift */ = {isa = PBXFileReference; lastKnownFileType = sourcecode.swift; path = MovieGridCell.swift; sourceTree = "<group>"; };
		A7C9F8552523843900A19BD9 /* MoviesViewController.swift */ = {isa = PBXFileReference; lastKnownFileType = sourcecode.swift; path = MoviesViewController.swift; sourceTree = "<group>"; };
		A7C9F85A2523923F00A19BD9 /* MovieCell.swift */ = {isa = PBXFileReference; lastKnownFileType = sourcecode.swift; path = MovieCell.swift; sourceTree = "<group>"; };
		A7D758D42522A3E300B0AF1E /* Flixter.app */ = {isa = PBXFileReference; explicitFileType = wrapper.application; includeInIndex = 0; path = Flixter.app; sourceTree = BUILT_PRODUCTS_DIR; };
		A7D758D72522A3E300B0AF1E /* AppDelegate.swift */ = {isa = PBXFileReference; lastKnownFileType = sourcecode.swift; path = AppDelegate.swift; sourceTree = "<group>"; };
		A7D758D92522A3E300B0AF1E /* SceneDelegate.swift */ = {isa = PBXFileReference; lastKnownFileType = sourcecode.swift; path = SceneDelegate.swift; sourceTree = "<group>"; };
		A7D758DE2522A3E300B0AF1E /* Base */ = {isa = PBXFileReference; lastKnownFileType = file.storyboard; name = Base; path = Base.lproj/Main.storyboard; sourceTree = "<group>"; };
		A7D758E02522A3E700B0AF1E /* Assets.xcassets */ = {isa = PBXFileReference; lastKnownFileType = folder.assetcatalog; path = Assets.xcassets; sourceTree = "<group>"; };
		A7D758E32522A3E700B0AF1E /* Base */ = {isa = PBXFileReference; lastKnownFileType = file.storyboard; name = Base; path = Base.lproj/LaunchScreen.storyboard; sourceTree = "<group>"; };
		A7D758E52522A3E700B0AF1E /* Info.plist */ = {isa = PBXFileReference; lastKnownFileType = text.plist.xml; path = Info.plist; sourceTree = "<group>"; };
		A7D758EA2522A3E700B0AF1E /* FlixterTests.xctest */ = {isa = PBXFileReference; explicitFileType = wrapper.cfbundle; includeInIndex = 0; path = FlixterTests.xctest; sourceTree = BUILT_PRODUCTS_DIR; };
		A7D758EE2522A3E700B0AF1E /* FlixterTests.swift */ = {isa = PBXFileReference; lastKnownFileType = sourcecode.swift; path = FlixterTests.swift; sourceTree = "<group>"; };
		A7D758F02522A3E700B0AF1E /* Info.plist */ = {isa = PBXFileReference; lastKnownFileType = text.plist.xml; path = Info.plist; sourceTree = "<group>"; };
		A7D758F52522A3E700B0AF1E /* FlixterUITests.xctest */ = {isa = PBXFileReference; explicitFileType = wrapper.cfbundle; includeInIndex = 0; path = FlixterUITests.xctest; sourceTree = BUILT_PRODUCTS_DIR; };
		A7D758F92522A3E700B0AF1E /* FlixterUITests.swift */ = {isa = PBXFileReference; lastKnownFileType = sourcecode.swift; path = FlixterUITests.swift; sourceTree = "<group>"; };
		A7D758FB2522A3E700B0AF1E /* Info.plist */ = {isa = PBXFileReference; lastKnownFileType = text.plist.xml; path = Info.plist; sourceTree = "<group>"; };
		AE27570C2BBE7EDDF117CE16 /* Pods-Flixter.debug.xcconfig */ = {isa = PBXFileReference; includeInIndex = 1; lastKnownFileType = text.xcconfig; name = "Pods-Flixter.debug.xcconfig"; path = "Target Support Files/Pods-Flixter/Pods-Flixter.debug.xcconfig"; sourceTree = "<group>"; };
		D619DF57D55E010359BE1AC6 /* Pods-Flixter-FlixterUITests.release.xcconfig */ = {isa = PBXFileReference; includeInIndex = 1; lastKnownFileType = text.xcconfig; name = "Pods-Flixter-FlixterUITests.release.xcconfig"; path = "Target Support Files/Pods-Flixter-FlixterUITests/Pods-Flixter-FlixterUITests.release.xcconfig"; sourceTree = "<group>"; };
		DE159EBAF557A6DD59D875BC /* Pods_FlixterTests.framework */ = {isa = PBXFileReference; explicitFileType = wrapper.framework; includeInIndex = 0; path = Pods_FlixterTests.framework; sourceTree = BUILT_PRODUCTS_DIR; };
		F15C5F80B476F66C39B682E1 /* Pods-Flixter.release.xcconfig */ = {isa = PBXFileReference; includeInIndex = 1; lastKnownFileType = text.xcconfig; name = "Pods-Flixter.release.xcconfig"; path = "Target Support Files/Pods-Flixter/Pods-Flixter.release.xcconfig"; sourceTree = "<group>"; };
/* End PBXFileReference section */

/* Begin PBXFrameworksBuildPhase section */
		A7D758D12522A3E300B0AF1E /* Frameworks */ = {
			isa = PBXFrameworksBuildPhase;
			buildActionMask = 2147483647;
			files = (
				59BE8C8EDA297648AF220E70 /* Pods_Flixter.framework in Frameworks */,
			);
			runOnlyForDeploymentPostprocessing = 0;
		};
		A7D758E72522A3E700B0AF1E /* Frameworks */ = {
			isa = PBXFrameworksBuildPhase;
			buildActionMask = 2147483647;
			files = (
				0830AECE38B6E6861EC177E7 /* Pods_FlixterTests.framework in Frameworks */,
			);
			runOnlyForDeploymentPostprocessing = 0;
		};
		A7D758F22522A3E700B0AF1E /* Frameworks */ = {
			isa = PBXFrameworksBuildPhase;
			buildActionMask = 2147483647;
			files = (
				6E0A81D06CBB3F1E594AF725 /* Pods_Flixter_FlixterUITests.framework in Frameworks */,
			);
			runOnlyForDeploymentPostprocessing = 0;
		};
/* End PBXFrameworksBuildPhase section */

/* Begin PBXGroup section */
		2780023BF0938EE793BA520A /* Frameworks */ = {
			isa = PBXGroup;
			children = (
				598038AFCFDA79A516293A3C /* Pods_Flixter.framework */,
				4E2CF2B43D37E9E0D6BA87A9 /* Pods_Flixter_FlixterUITests.framework */,
				DE159EBAF557A6DD59D875BC /* Pods_FlixterTests.framework */,
			);
			name = Frameworks;
			sourceTree = "<group>";
		};
		9A79E3B120852A0E58B386BF /* Pods */ = {
			isa = PBXGroup;
			children = (
				AE27570C2BBE7EDDF117CE16 /* Pods-Flixter.debug.xcconfig */,
				F15C5F80B476F66C39B682E1 /* Pods-Flixter.release.xcconfig */,
				0CF1529D845C205FEA150FA7 /* Pods-Flixter-FlixterUITests.debug.xcconfig */,
				D619DF57D55E010359BE1AC6 /* Pods-Flixter-FlixterUITests.release.xcconfig */,
				0865C76B798FC4006D6461BD /* Pods-FlixterTests.debug.xcconfig */,
				89B26970C6B6DE89ECC6F51A /* Pods-FlixterTests.release.xcconfig */,
			);
			path = Pods;
			sourceTree = "<group>";
		};
		A7D758CB2522A3E300B0AF1E = {
			isa = PBXGroup;
			children = (
				A7D758D62522A3E300B0AF1E /* Flixter */,
				A7D758ED2522A3E700B0AF1E /* FlixterTests */,
				A7D758F82522A3E700B0AF1E /* FlixterUITests */,
				A7D758D52522A3E300B0AF1E /* Products */,
				9A79E3B120852A0E58B386BF /* Pods */,
				2780023BF0938EE793BA520A /* Frameworks */,
			);
			sourceTree = "<group>";
		};
		A7D758D52522A3E300B0AF1E /* Products */ = {
			isa = PBXGroup;
			children = (
				A7D758D42522A3E300B0AF1E /* Flixter.app */,
				A7D758EA2522A3E700B0AF1E /* FlixterTests.xctest */,
				A7D758F52522A3E700B0AF1E /* FlixterUITests.xctest */,
			);
			name = Products;
			sourceTree = "<group>";
		};
		A7D758D62522A3E300B0AF1E /* Flixter */ = {
			isa = PBXGroup;
			children = (
				A7D758D72522A3E300B0AF1E /* AppDelegate.swift */,
				A7D758D92522A3E300B0AF1E /* SceneDelegate.swift */,
				A7D758DD2522A3E300B0AF1E /* Main.storyboard */,
				A7D758E02522A3E700B0AF1E /* Assets.xcassets */,
				A7D758E22522A3E700B0AF1E /* LaunchScreen.storyboard */,
				A7D758E52522A3E700B0AF1E /* Info.plist */,
				A7C9F8552523843900A19BD9 /* MoviesViewController.swift */,
				A7C9F85A2523923F00A19BD9 /* MovieCell.swift */,
				A7AC0ACE252E1E3C006487BD /* MovieDetailsViewController.swift */,
				A7AC0AD3252EACD2006487BD /* MovieGridViewController.swift */,
				A7AC0AD8252EB19F006487BD /* MovieGridCell.swift */,
			);
			path = Flixter;
			sourceTree = "<group>";
		};
		A7D758ED2522A3E700B0AF1E /* FlixterTests */ = {
			isa = PBXGroup;
			children = (
				A7D758EE2522A3E700B0AF1E /* FlixterTests.swift */,
				A7D758F02522A3E700B0AF1E /* Info.plist */,
			);
			path = FlixterTests;
			sourceTree = "<group>";
		};
		A7D758F82522A3E700B0AF1E /* FlixterUITests */ = {
			isa = PBXGroup;
			children = (
				A7D758F92522A3E700B0AF1E /* FlixterUITests.swift */,
				A7D758FB2522A3E700B0AF1E /* Info.plist */,
			);
			path = FlixterUITests;
			sourceTree = "<group>";
		};
/* End PBXGroup section */

/* Begin PBXNativeTarget section */
		A7D758D32522A3E300B0AF1E /* Flixter */ = {
			isa = PBXNativeTarget;
			buildConfigurationList = A7D758FE2522A3E700B0AF1E /* Build configuration list for PBXNativeTarget "Flixter" */;
			buildPhases = (
				05A7C585B1C68259CD5C60F2 /* [CP] Check Pods Manifest.lock */,
				A7D758D02522A3E300B0AF1E /* Sources */,
				A7D758D12522A3E300B0AF1E /* Frameworks */,
				A7D758D22522A3E300B0AF1E /* Resources */,
				62624B887A1F5E32F4A21764 /* [CP] Embed Pods Frameworks */,
			);
			buildRules = (
			);
			dependencies = (
			);
			name = Flixter;
			productName = Flixter;
			productReference = A7D758D42522A3E300B0AF1E /* Flixter.app */;
			productType = "com.apple.product-type.application";
		};
		A7D758E92522A3E700B0AF1E /* FlixterTests */ = {
			isa = PBXNativeTarget;
			buildConfigurationList = A7D759012522A3E700B0AF1E /* Build configuration list for PBXNativeTarget "FlixterTests" */;
			buildPhases = (
				1CD2C22F52D3372A47D498B3 /* [CP] Check Pods Manifest.lock */,
				A7D758E62522A3E700B0AF1E /* Sources */,
				A7D758E72522A3E700B0AF1E /* Frameworks */,
				A7D758E82522A3E700B0AF1E /* Resources */,
			);
			buildRules = (
			);
			dependencies = (
				A7D758EC2522A3E700B0AF1E /* PBXTargetDependency */,
			);
			name = FlixterTests;
			productName = FlixterTests;
			productReference = A7D758EA2522A3E700B0AF1E /* FlixterTests.xctest */;
			productType = "com.apple.product-type.bundle.unit-test";
		};
		A7D758F42522A3E700B0AF1E /* FlixterUITests */ = {
			isa = PBXNativeTarget;
			buildConfigurationList = A7D759042522A3E700B0AF1E /* Build configuration list for PBXNativeTarget "FlixterUITests" */;
			buildPhases = (
				784AA0472FD9C4DD602D5AD1 /* [CP] Check Pods Manifest.lock */,
				A7D758F12522A3E700B0AF1E /* Sources */,
				A7D758F22522A3E700B0AF1E /* Frameworks */,
				A7D758F32522A3E700B0AF1E /* Resources */,
				B521427A72E1611EE80D936A /* [CP] Embed Pods Frameworks */,
			);
			buildRules = (
			);
			dependencies = (
				A7D758F72522A3E700B0AF1E /* PBXTargetDependency */,
			);
			name = FlixterUITests;
			productName = FlixterUITests;
			productReference = A7D758F52522A3E700B0AF1E /* FlixterUITests.xctest */;
			productType = "com.apple.product-type.bundle.ui-testing";
		};
/* End PBXNativeTarget section */

/* Begin PBXProject section */
		A7D758CC2522A3E300B0AF1E /* Project object */ = {
			isa = PBXProject;
			attributes = {
				LastSwiftUpdateCheck = 1110;
				LastUpgradeCheck = 1110;
				ORGANIZATIONNAME = "Aidan Lane";
				TargetAttributes = {
					A7D758D32522A3E300B0AF1E = {
						CreatedOnToolsVersion = 11.1;
					};
					A7D758E92522A3E700B0AF1E = {
						CreatedOnToolsVersion = 11.1;
						TestTargetID = A7D758D32522A3E300B0AF1E;
					};
					A7D758F42522A3E700B0AF1E = {
						CreatedOnToolsVersion = 11.1;
						TestTargetID = A7D758D32522A3E300B0AF1E;
					};
				};
			};
			buildConfigurationList = A7D758CF2522A3E300B0AF1E /* Build configuration list for PBXProject "Flixter" */;
			compatibilityVersion = "Xcode 9.3";
			developmentRegion = en;
			hasScannedForEncodings = 0;
			knownRegions = (
				en,
				Base,
			);
			mainGroup = A7D758CB2522A3E300B0AF1E;
			productRefGroup = A7D758D52522A3E300B0AF1E /* Products */;
			projectDirPath = "";
			projectRoot = "";
			targets = (
				A7D758D32522A3E300B0AF1E /* Flixter */,
				A7D758E92522A3E700B0AF1E /* FlixterTests */,
				A7D758F42522A3E700B0AF1E /* FlixterUITests */,
			);
		};
/* End PBXProject section */

/* Begin PBXResourcesBuildPhase section */
		A7D758D22522A3E300B0AF1E /* Resources */ = {
			isa = PBXResourcesBuildPhase;
			buildActionMask = 2147483647;
			files = (
				A7D758E42522A3E700B0AF1E /* LaunchScreen.storyboard in Resources */,
				A7D758E12522A3E700B0AF1E /* Assets.xcassets in Resources */,
				A7D758DF2522A3E300B0AF1E /* Main.storyboard in Resources */,
			);
			runOnlyForDeploymentPostprocessing = 0;
		};
		A7D758E82522A3E700B0AF1E /* Resources */ = {
			isa = PBXResourcesBuildPhase;
			buildActionMask = 2147483647;
			files = (
			);
			runOnlyForDeploymentPostprocessing = 0;
		};
		A7D758F32522A3E700B0AF1E /* Resources */ = {
			isa = PBXResourcesBuildPhase;
			buildActionMask = 2147483647;
			files = (
			);
			runOnlyForDeploymentPostprocessing = 0;
		};
/* End PBXResourcesBuildPhase section */

/* Begin PBXShellScriptBuildPhase section */
		05A7C585B1C68259CD5C60F2 /* [CP] Check Pods Manifest.lock */ = {
			isa = PBXShellScriptBuildPhase;
			buildActionMask = 2147483647;
			files = (
			);
			inputFileListPaths = (
			);
			inputPaths = (
				"${PODS_PODFILE_DIR_PATH}/Podfile.lock",
				"${PODS_ROOT}/Manifest.lock",
			);
			name = "[CP] Check Pods Manifest.lock";
			outputFileListPaths = (
			);
			outputPaths = (
				"$(DERIVED_FILE_DIR)/Pods-Flixter-checkManifestLockResult.txt",
			);
			runOnlyForDeploymentPostprocessing = 0;
			shellPath = /bin/sh;
			shellScript = "diff \"${PODS_PODFILE_DIR_PATH}/Podfile.lock\" \"${PODS_ROOT}/Manifest.lock\" > /dev/null\nif [ $? != 0 ] ; then\n    # print error to STDERR\n    echo \"error: The sandbox is not in sync with the Podfile.lock. Run 'pod install' or update your CocoaPods installation.\" >&2\n    exit 1\nfi\n# This output is used by Xcode 'outputs' to avoid re-running this script phase.\necho \"SUCCESS\" > \"${SCRIPT_OUTPUT_FILE_0}\"\n";
			showEnvVarsInLog = 0;
		};
		1CD2C22F52D3372A47D498B3 /* [CP] Check Pods Manifest.lock */ = {
			isa = PBXShellScriptBuildPhase;
			buildActionMask = 2147483647;
			files = (
			);
			inputFileListPaths = (
			);
			inputPaths = (
				"${PODS_PODFILE_DIR_PATH}/Podfile.lock",
				"${PODS_ROOT}/Manifest.lock",
			);
			name = "[CP] Check Pods Manifest.lock";
			outputFileListPaths = (
			);
			outputPaths = (
				"$(DERIVED_FILE_DIR)/Pods-FlixterTests-checkManifestLockResult.txt",
			);
			runOnlyForDeploymentPostprocessing = 0;
			shellPath = /bin/sh;
			shellScript = "diff \"${PODS_PODFILE_DIR_PATH}/Podfile.lock\" \"${PODS_ROOT}/Manifest.lock\" > /dev/null\nif [ $? != 0 ] ; then\n    # print error to STDERR\n    echo \"error: The sandbox is not in sync with the Podfile.lock. Run 'pod install' or update your CocoaPods installation.\" >&2\n    exit 1\nfi\n# This output is used by Xcode 'outputs' to avoid re-running this script phase.\necho \"SUCCESS\" > \"${SCRIPT_OUTPUT_FILE_0}\"\n";
			showEnvVarsInLog = 0;
		};
		62624B887A1F5E32F4A21764 /* [CP] Embed Pods Frameworks */ = {
			isa = PBXShellScriptBuildPhase;
			buildActionMask = 2147483647;
			files = (
			);
			inputFileListPaths = (
				"${PODS_ROOT}/Target Support Files/Pods-Flixter/Pods-Flixter-frameworks-${CONFIGURATION}-input-files.xcfilelist",
			);
			name = "[CP] Embed Pods Frameworks";
			outputFileListPaths = (
				"${PODS_ROOT}/Target Support Files/Pods-Flixter/Pods-Flixter-frameworks-${CONFIGURATION}-output-files.xcfilelist",
			);
			runOnlyForDeploymentPostprocessing = 0;
			shellPath = /bin/sh;
			shellScript = "\"${PODS_ROOT}/Target Support Files/Pods-Flixter/Pods-Flixter-frameworks.sh\"\n";
			showEnvVarsInLog = 0;
		};
		784AA0472FD9C4DD602D5AD1 /* [CP] Check Pods Manifest.lock */ = {
			isa = PBXShellScriptBuildPhase;
			buildActionMask = 2147483647;
			files = (
			);
			inputFileListPaths = (
			);
			inputPaths = (
				"${PODS_PODFILE_DIR_PATH}/Podfile.lock",
				"${PODS_ROOT}/Manifest.lock",
			);
			name = "[CP] Check Pods Manifest.lock";
			outputFileListPaths = (
			);
			outputPaths = (
				"$(DERIVED_FILE_DIR)/Pods-Flixter-FlixterUITests-checkManifestLockResult.txt",
			);
			runOnlyForDeploymentPostprocessing = 0;
			shellPath = /bin/sh;
			shellScript = "diff \"${PODS_PODFILE_DIR_PATH}/Podfile.lock\" \"${PODS_ROOT}/Manifest.lock\" > /dev/null\nif [ $? != 0 ] ; then\n    # print error to STDERR\n    echo \"error: The sandbox is not in sync with the Podfile.lock. Run 'pod install' or update your CocoaPods installation.\" >&2\n    exit 1\nfi\n# This output is used by Xcode 'outputs' to avoid re-running this script phase.\necho \"SUCCESS\" > \"${SCRIPT_OUTPUT_FILE_0}\"\n";
			showEnvVarsInLog = 0;
		};
		B521427A72E1611EE80D936A /* [CP] Embed Pods Frameworks */ = {
			isa = PBXShellScriptBuildPhase;
			buildActionMask = 2147483647;
			files = (
			);
			inputFileListPaths = (
				"${PODS_ROOT}/Target Support Files/Pods-Flixter-FlixterUITests/Pods-Flixter-FlixterUITests-frameworks-${CONFIGURATION}-input-files.xcfilelist",
			);
			name = "[CP] Embed Pods Frameworks";
			outputFileListPaths = (
				"${PODS_ROOT}/Target Support Files/Pods-Flixter-FlixterUITests/Pods-Flixter-FlixterUITests-frameworks-${CONFIGURATION}-output-files.xcfilelist",
			);
			runOnlyForDeploymentPostprocessing = 0;
			shellPath = /bin/sh;
			shellScript = "\"${PODS_ROOT}/Target Support Files/Pods-Flixter-FlixterUITests/Pods-Flixter-FlixterUITests-frameworks.sh\"\n";
			showEnvVarsInLog = 0;
		};
/* End PBXShellScriptBuildPhase section */

/* Begin PBXSourcesBuildPhase section */
		A7D758D02522A3E300B0AF1E /* Sources */ = {
			isa = PBXSourcesBuildPhase;
			buildActionMask = 2147483647;
			files = (
				A7AC0ACF252E1E3C006487BD /* MovieDetailsViewController.swift in Sources */,
				A7D758D82522A3E300B0AF1E /* AppDelegate.swift in Sources */,
				A7D758DA2522A3E300B0AF1E /* SceneDelegate.swift in Sources */,
				A7C9F85B2523923F00A19BD9 /* MovieCell.swift in Sources */,
				A7C9F8562523843900A19BD9 /* MoviesViewController.swift in Sources */,
				A7AC0AD4252EACD2006487BD /* MovieGridViewController.swift in Sources */,
				A7AC0AD9252EB19F006487BD /* MovieGridCell.swift in Sources */,
			);
			runOnlyForDeploymentPostprocessing = 0;
		};
		A7D758E62522A3E700B0AF1E /* Sources */ = {
			isa = PBXSourcesBuildPhase;
			buildActionMask = 2147483647;
			files = (
				A7D758EF2522A3E700B0AF1E /* FlixterTests.swift in Sources */,
			);
			runOnlyForDeploymentPostprocessing = 0;
		};
		A7D758F12522A3E700B0AF1E /* Sources */ = {
			isa = PBXSourcesBuildPhase;
			buildActionMask = 2147483647;
			files = (
				A7D758FA2522A3E700B0AF1E /* FlixterUITests.swift in Sources */,
			);
			runOnlyForDeploymentPostprocessing = 0;
		};
/* End PBXSourcesBuildPhase section */

/* Begin PBXTargetDependency section */
		A7D758EC2522A3E700B0AF1E /* PBXTargetDependency */ = {
			isa = PBXTargetDependency;
			target = A7D758D32522A3E300B0AF1E /* Flixter */;
			targetProxy = A7D758EB2522A3E700B0AF1E /* PBXContainerItemProxy */;
		};
		A7D758F72522A3E700B0AF1E /* PBXTargetDependency */ = {
			isa = PBXTargetDependency;
			target = A7D758D32522A3E300B0AF1E /* Flixter */;
			targetProxy = A7D758F62522A3E700B0AF1E /* PBXContainerItemProxy */;
		};
/* End PBXTargetDependency section */

/* Begin PBXVariantGroup section */
		A7D758DD2522A3E300B0AF1E /* Main.storyboard */ = {
			isa = PBXVariantGroup;
			children = (
				A7D758DE2522A3E300B0AF1E /* Base */,
			);
			name = Main.storyboard;
			sourceTree = "<group>";
		};
		A7D758E22522A3E700B0AF1E /* LaunchScreen.storyboard */ = {
			isa = PBXVariantGroup;
			children = (
				A7D758E32522A3E700B0AF1E /* Base */,
			);
			name = LaunchScreen.storyboard;
			sourceTree = "<group>";
		};
/* End PBXVariantGroup section */

/* Begin XCBuildConfiguration section */
		A7D758FC2522A3E700B0AF1E /* Debug */ = {
			isa = XCBuildConfiguration;
			buildSettings = {
				ALWAYS_SEARCH_USER_PATHS = NO;
				CLANG_ANALYZER_NONNULL = YES;
				CLANG_ANALYZER_NUMBER_OBJECT_CONVERSION = YES_AGGRESSIVE;
				CLANG_CXX_LANGUAGE_STANDARD = "gnu++14";
				CLANG_CXX_LIBRARY = "libc++";
				CLANG_ENABLE_MODULES = YES;
				CLANG_ENABLE_OBJC_ARC = YES;
				CLANG_ENABLE_OBJC_WEAK = YES;
				CLANG_WARN_BLOCK_CAPTURE_AUTORELEASING = YES;
				CLANG_WARN_BOOL_CONVERSION = YES;
				CLANG_WARN_COMMA = YES;
				CLANG_WARN_CONSTANT_CONVERSION = YES;
				CLANG_WARN_DEPRECATED_OBJC_IMPLEMENTATIONS = YES;
				CLANG_WARN_DIRECT_OBJC_ISA_USAGE = YES_ERROR;
				CLANG_WARN_DOCUMENTATION_COMMENTS = YES;
				CLANG_WARN_EMPTY_BODY = YES;
				CLANG_WARN_ENUM_CONVERSION = YES;
				CLANG_WARN_INFINITE_RECURSION = YES;
				CLANG_WARN_INT_CONVERSION = YES;
				CLANG_WARN_NON_LITERAL_NULL_CONVERSION = YES;
				CLANG_WARN_OBJC_IMPLICIT_RETAIN_SELF = YES;
				CLANG_WARN_OBJC_LITERAL_CONVERSION = YES;
				CLANG_WARN_OBJC_ROOT_CLASS = YES_ERROR;
				CLANG_WARN_RANGE_LOOP_ANALYSIS = YES;
				CLANG_WARN_STRICT_PROTOTYPES = YES;
				CLANG_WARN_SUSPICIOUS_MOVE = YES;
				CLANG_WARN_UNGUARDED_AVAILABILITY = YES_AGGRESSIVE;
				CLANG_WARN_UNREACHABLE_CODE = YES;
				CLANG_WARN__DUPLICATE_METHOD_MATCH = YES;
				COPY_PHASE_STRIP = NO;
				DEBUG_INFORMATION_FORMAT = dwarf;
				ENABLE_STRICT_OBJC_MSGSEND = YES;
				ENABLE_TESTABILITY = YES;
				GCC_C_LANGUAGE_STANDARD = gnu11;
				GCC_DYNAMIC_NO_PIC = NO;
				GCC_NO_COMMON_BLOCKS = YES;
				GCC_OPTIMIZATION_LEVEL = 0;
				GCC_PREPROCESSOR_DEFINITIONS = (
					"DEBUG=1",
					"$(inherited)",
				);
				GCC_WARN_64_TO_32_BIT_CONVERSION = YES;
				GCC_WARN_ABOUT_RETURN_TYPE = YES_ERROR;
				GCC_WARN_UNDECLARED_SELECTOR = YES;
				GCC_WARN_UNINITIALIZED_AUTOS = YES_AGGRESSIVE;
				GCC_WARN_UNUSED_FUNCTION = YES;
				GCC_WARN_UNUSED_VARIABLE = YES;
				IPHONEOS_DEPLOYMENT_TARGET = 13.1;
				MTL_ENABLE_DEBUG_INFO = INCLUDE_SOURCE;
				MTL_FAST_MATH = YES;
				ONLY_ACTIVE_ARCH = YES;
				SDKROOT = iphoneos;
				SWIFT_ACTIVE_COMPILATION_CONDITIONS = DEBUG;
				SWIFT_OPTIMIZATION_LEVEL = "-Onone";
			};
			name = Debug;
		};
		A7D758FD2522A3E700B0AF1E /* Release */ = {
			isa = XCBuildConfiguration;
			buildSettings = {
				ALWAYS_SEARCH_USER_PATHS = NO;
				CLANG_ANALYZER_NONNULL = YES;
				CLANG_ANALYZER_NUMBER_OBJECT_CONVERSION = YES_AGGRESSIVE;
				CLANG_CXX_LANGUAGE_STANDARD = "gnu++14";
				CLANG_CXX_LIBRARY = "libc++";
				CLANG_ENABLE_MODULES = YES;
				CLANG_ENABLE_OBJC_ARC = YES;
				CLANG_ENABLE_OBJC_WEAK = YES;
				CLANG_WARN_BLOCK_CAPTURE_AUTORELEASING = YES;
				CLANG_WARN_BOOL_CONVERSION = YES;
				CLANG_WARN_COMMA = YES;
				CLANG_WARN_CONSTANT_CONVERSION = YES;
				CLANG_WARN_DEPRECATED_OBJC_IMPLEMENTATIONS = YES;
				CLANG_WARN_DIRECT_OBJC_ISA_USAGE = YES_ERROR;
				CLANG_WARN_DOCUMENTATION_COMMENTS = YES;
				CLANG_WARN_EMPTY_BODY = YES;
				CLANG_WARN_ENUM_CONVERSION = YES;
				CLANG_WARN_INFINITE_RECURSION = YES;
				CLANG_WARN_INT_CONVERSION = YES;
				CLANG_WARN_NON_LITERAL_NULL_CONVERSION = YES;
				CLANG_WARN_OBJC_IMPLICIT_RETAIN_SELF = YES;
				CLANG_WARN_OBJC_LITERAL_CONVERSION = YES;
				CLANG_WARN_OBJC_ROOT_CLASS = YES_ERROR;
				CLANG_WARN_RANGE_LOOP_ANALYSIS = YES;
				CLANG_WARN_STRICT_PROTOTYPES = YES;
				CLANG_WARN_SUSPICIOUS_MOVE = YES;
				CLANG_WARN_UNGUARDED_AVAILABILITY = YES_AGGRESSIVE;
				CLANG_WARN_UNREACHABLE_CODE = YES;
				CLANG_WARN__DUPLICATE_METHOD_MATCH = YES;
				COPY_PHASE_STRIP = NO;
				DEBUG_INFORMATION_FORMAT = "dwarf-with-dsym";
				ENABLE_NS_ASSERTIONS = NO;
				ENABLE_STRICT_OBJC_MSGSEND = YES;
				GCC_C_LANGUAGE_STANDARD = gnu11;
				GCC_NO_COMMON_BLOCKS = YES;
				GCC_WARN_64_TO_32_BIT_CONVERSION = YES;
				GCC_WARN_ABOUT_RETURN_TYPE = YES_ERROR;
				GCC_WARN_UNDECLARED_SELECTOR = YES;
				GCC_WARN_UNINITIALIZED_AUTOS = YES_AGGRESSIVE;
				GCC_WARN_UNUSED_FUNCTION = YES;
				GCC_WARN_UNUSED_VARIABLE = YES;
				IPHONEOS_DEPLOYMENT_TARGET = 13.1;
				MTL_ENABLE_DEBUG_INFO = NO;
				MTL_FAST_MATH = YES;
				SDKROOT = iphoneos;
				SWIFT_COMPILATION_MODE = wholemodule;
				SWIFT_OPTIMIZATION_LEVEL = "-O";
				VALIDATE_PRODUCT = YES;
			};
			name = Release;
		};
		A7D758FF2522A3E700B0AF1E /* Debug */ = {
			isa = XCBuildConfiguration;
			baseConfigurationReference = AE27570C2BBE7EDDF117CE16 /* Pods-Flixter.debug.xcconfig */;
			buildSettings = {
				ASSETCATALOG_COMPILER_APPICON_NAME = AppIcon;
				CODE_SIGN_STYLE = Automatic;
				DEVELOPMENT_TEAM = 8ZH455U7QF;
				INFOPLIST_FILE = Flixter/Info.plist;
				LD_RUNPATH_SEARCH_PATHS = (
					"$(inherited)",
					"@executable_path/Frameworks",
				);
				PRODUCT_BUNDLE_IDENTIFIER = Aidan.Flixter;
				PRODUCT_NAME = "$(TARGET_NAME)";
				SWIFT_VERSION = 5.0;
				TARGETED_DEVICE_FAMILY = "1,2";
			};
			name = Debug;
		};
		A7D759002522A3E700B0AF1E /* Release */ = {
			isa = XCBuildConfiguration;
			baseConfigurationReference = F15C5F80B476F66C39B682E1 /* Pods-Flixter.release.xcconfig */;
			buildSettings = {
				ASSETCATALOG_COMPILER_APPICON_NAME = AppIcon;
				CODE_SIGN_STYLE = Automatic;
				DEVELOPMENT_TEAM = 8ZH455U7QF;
				INFOPLIST_FILE = Flixter/Info.plist;
				LD_RUNPATH_SEARCH_PATHS = (
					"$(inherited)",
					"@executable_path/Frameworks",
				);
				PRODUCT_BUNDLE_IDENTIFIER = Aidan.Flixter;
				PRODUCT_NAME = "$(TARGET_NAME)";
				SWIFT_VERSION = 5.0;
				TARGETED_DEVICE_FAMILY = "1,2";
			};
			name = Release;
		};
		A7D759022522A3E700B0AF1E /* Debug */ = {
			isa = XCBuildConfiguration;
			baseConfigurationReference = 0865C76B798FC4006D6461BD /* Pods-FlixterTests.debug.xcconfig */;
			buildSettings = {
				ALWAYS_EMBED_SWIFT_STANDARD_LIBRARIES = YES;
				BUNDLE_LOADER = "$(TEST_HOST)";
				CODE_SIGN_STYLE = Automatic;
				INFOPLIST_FILE = FlixterTests/Info.plist;
				IPHONEOS_DEPLOYMENT_TARGET = 13.1;
				LD_RUNPATH_SEARCH_PATHS = (
					"$(inherited)",
					"@executable_path/Frameworks",
					"@loader_path/Frameworks",
				);
				PRODUCT_BUNDLE_IDENTIFIER = Aidan.FlixterTests;
				PRODUCT_NAME = "$(TARGET_NAME)";
				SWIFT_VERSION = 5.0;
				TARGETED_DEVICE_FAMILY = "1,2";
				TEST_HOST = "$(BUILT_PRODUCTS_DIR)/Flixter.app/Flixter";
			};
			name = Debug;
		};
		A7D759032522A3E700B0AF1E /* Release */ = {
			isa = XCBuildConfiguration;
			baseConfigurationReference = 89B26970C6B6DE89ECC6F51A /* Pods-FlixterTests.release.xcconfig */;
			buildSettings = {
				ALWAYS_EMBED_SWIFT_STANDARD_LIBRARIES = YES;
				BUNDLE_LOADER = "$(TEST_HOST)";
				CODE_SIGN_STYLE = Automatic;
				INFOPLIST_FILE = FlixterTests/Info.plist;
				IPHONEOS_DEPLOYMENT_TARGET = 13.1;
				LD_RUNPATH_SEARCH_PATHS = (
					"$(inherited)",
					"@executable_path/Frameworks",
					"@loader_path/Frameworks",
				);
				PRODUCT_BUNDLE_IDENTIFIER = Aidan.FlixterTests;
				PRODUCT_NAME = "$(TARGET_NAME)";
				SWIFT_VERSION = 5.0;
				TARGETED_DEVICE_FAMILY = "1,2";
				TEST_HOST = "$(BUILT_PRODUCTS_DIR)/Flixter.app/Flixter";
			};
			name = Release;
		};
		A7D759052522A3E700B0AF1E /* Debug */ = {
			isa = XCBuildConfiguration;
			baseConfigurationReference = 0CF1529D845C205FEA150FA7 /* Pods-Flixter-FlixterUITests.debug.xcconfig */;
			buildSettings = {
				ALWAYS_EMBED_SWIFT_STANDARD_LIBRARIES = YES;
				CODE_SIGN_STYLE = Automatic;
				INFOPLIST_FILE = FlixterUITests/Info.plist;
				LD_RUNPATH_SEARCH_PATHS = (
					"$(inherited)",
					"@executable_path/Frameworks",
					"@loader_path/Frameworks",
				);
				PRODUCT_BUNDLE_IDENTIFIER = Aidan.FlixterUITests;
				PRODUCT_NAME = "$(TARGET_NAME)";
				SWIFT_VERSION = 5.0;
				TARGETED_DEVICE_FAMILY = "1,2";
				TEST_TARGET_NAME = Flixter;
			};
			name = Debug;
		};
		A7D759062522A3E700B0AF1E /* Release */ = {
			isa = XCBuildConfiguration;
			baseConfigurationReference = D619DF57D55E010359BE1AC6 /* Pods-Flixter-FlixterUITests.release.xcconfig */;
			buildSettings = {
				ALWAYS_EMBED_SWIFT_STANDARD_LIBRARIES = YES;
				CODE_SIGN_STYLE = Automatic;
				INFOPLIST_FILE = FlixterUITests/Info.plist;
				LD_RUNPATH_SEARCH_PATHS = (
					"$(inherited)",
					"@executable_path/Frameworks",
					"@loader_path/Frameworks",
				);
				PRODUCT_BUNDLE_IDENTIFIER = Aidan.FlixterUITests;
				PRODUCT_NAME = "$(TARGET_NAME)";
				SWIFT_VERSION = 5.0;
				TARGETED_DEVICE_FAMILY = "1,2";
				TEST_TARGET_NAME = Flixter;
			};
			name = Release;
		};
/* End XCBuildConfiguration section */

/* Begin XCConfigurationList section */
		A7D758CF2522A3E300B0AF1E /* Build configuration list for PBXProject "Flixter" */ = {
			isa = XCConfigurationList;
			buildConfigurations = (
				A7D758FC2522A3E700B0AF1E /* Debug */,
				A7D758FD2522A3E700B0AF1E /* Release */,
			);
			defaultConfigurationIsVisible = 0;
			defaultConfigurationName = Release;
		};
		A7D758FE2522A3E700B0AF1E /* Build configuration list for PBXNativeTarget "Flixter" */ = {
			isa = XCConfigurationList;
			buildConfigurations = (
				A7D758FF2522A3E700B0AF1E /* Debug */,
				A7D759002522A3E700B0AF1E /* Release */,
			);
			defaultConfigurationIsVisible = 0;
			defaultConfigurationName = Release;
		};
		A7D759012522A3E700B0AF1E /* Build configuration list for PBXNativeTarget "FlixterTests" */ = {
			isa = XCConfigurationList;
			buildConfigurations = (
				A7D759022522A3E700B0AF1E /* Debug */,
				A7D759032522A3E700B0AF1E /* Release */,
			);
			defaultConfigurationIsVisible = 0;
			defaultConfigurationName = Release;
		};
		A7D759042522A3E700B0AF1E /* Build configuration list for PBXNativeTarget "FlixterUITests" */ = {
			isa = XCConfigurationList;
			buildConfigurations = (
				A7D759052522A3E700B0AF1E /* Debug */,
				A7D759062522A3E700B0AF1E /* Release */,
			);
			defaultConfigurationIsVisible = 0;
			defaultConfigurationName = Release;
		};
/* End XCConfigurationList section */
	};
	rootObject = A7D758CC2522A3E300B0AF1E /* Project object */;
}
